{
  "version": "3",
  "packages": {
    "specifiers": {
      "jsr:@libs/typing@2": "jsr:@libs/typing@2.8.0",
      "jsr:@libs/xml": "jsr:@libs/xml@5.4.12",
      "jsr:@std/assert@^0.224.0": "jsr:@std/assert@0.224.0",
      "jsr:@std/bytes@0.224.0": "jsr:@std/bytes@0.224.0",
      "jsr:@std/fmt@^0.224.0": "jsr:@std/fmt@0.224.0",
      "jsr:@std/fs@^0.224.0": "jsr:@std/fs@0.224.0",
      "jsr:@std/io@0.224.0": "jsr:@std/io@0.224.0",
      "jsr:@std/io@^0.224.0": "jsr:@std/io@0.224.0",
      "jsr:@std/log@0.224.0": "jsr:@std/log@0.224.0",
      "jsr:@vslinko/csv": "jsr:@vslinko/csv@1.0.2"
    },
    "jsr": {
      "@libs/typing@2.8.0": {
        "integrity": "92cb68fe9798fee525e810423c2346ee42a11b3d9955432c6a1d8e93a262aa39"
      },
      "@libs/xml@5.4.12": {
        "integrity": "57f0d480a40ba490c1f5efffda8f7bcf79812a351cdf014375093c6ec306c53d",
        "dependencies": [
          "jsr:@libs/typing@2"
        ]
      },
      "@std/assert@0.224.0": {
        "integrity": "8643233ec7aec38a940a8264a6e3eed9bfa44e7a71cc6b3c8874213ff401967f"
      },
      "@std/bytes@0.224.0": {
        "integrity": "a2250e1d0eb7d1c5a426f21267ab9bdeac2447fa87a3d0d1a467d3f7a6058e49"
      },
      "@std/fmt@0.224.0": {
        "integrity": "e20e9a2312a8b5393272c26191c0a68eda8d2c4b08b046bad1673148f1d69851"
      },
      "@std/fs@0.224.0": {
        "integrity": "52a5ec89731ac0ca8f971079339286f88c571a4d61686acf75833f03a89d8e69"
      },
      "@std/io@0.224.0": {
        "integrity": "0aff885d21d829c050b8a08b1d71b54aed5841aecf227f8d77e99ec529a11e8e"
      },
      "@std/log@0.224.0": {
        "integrity": "24c8a38f3f322e3d33c3137d5562acad25830c01bd5838ade6c5a62118882deb",
        "dependencies": [
          "jsr:@std/assert@^0.224.0",
          "jsr:@std/fmt@^0.224.0",
          "jsr:@std/fs@^0.224.0",
          "jsr:@std/io@^0.224.0"
        ]
      },
      "@vslinko/csv@1.0.2": {
        "integrity": "693abb223bf0e287b8c88cc0960372c88c3cde3708a26dada1f02306933c07a6",
        "dependencies": [
          "jsr:@std/bytes@0.224.0",
          "jsr:@std/io@0.224.0",
          "jsr:@std/log@0.224.0"
        ]
      }
    }
  },
  "remote": {
    "https://deno.land/x/sqlite@v3.8/build/sqlite.js": "72f63689fffcb9bb5ae10b1e8f7db09ea845cdf713e0e3a9693d8416a28f92a6",
    "https://deno.land/x/sqlite@v3.8/build/vfs.js": "08533cc78fb29b9d9bd62f6bb93e5ef333407013fed185776808f11223ba0e70",
    "https://deno.land/x/sqlite@v3.8/mod.ts": "e09fc79d8065fe222578114b109b1fd60077bff1bb75448532077f784f4d6a83",
    "https://deno.land/x/sqlite@v3.8/src/constants.ts": "90f3be047ec0a89bcb5d6fc30db121685fc82cb00b1c476124ff47a4b0472aa9",
    "https://deno.land/x/sqlite@v3.8/src/db.ts": "7d3251021756fa80f382c3952217c7446c5c8c1642b63511da0938fe33562663",
    "https://deno.land/x/sqlite@v3.8/src/error.ts": "f7a15cb00d7c3797da1aefee3cf86d23e0ae92e73f0ba3165496c3816ab9503a",
    "https://deno.land/x/sqlite@v3.8/src/function.ts": "e4c83b8ec64bf88bafad2407376b0c6a3b54e777593c70336fb40d43a79865f2",
    "https://deno.land/x/sqlite@v3.8/src/query.ts": "d58abda928f6582d77bad685ecf551b1be8a15e8e38403e293ec38522e030cad",
    "https://deno.land/x/sqlite@v3.8/src/wasm.ts": "e79d0baa6e42423257fb3c7cc98091c54399254867e0f34a09b5bdef37bd9487"
  }
}
